
Microsoft Visual Studio Solution File, Format Version 12.00
# Visual Studio Version 17
VisualStudioVersion = 17.4.33122.133
MinimumVisualStudioVersion = 10.0.40219.1
Project("{9A19103F-16F7-4668-BE54-9A1E7A4F7556}") = "API", "..\API\API.csproj", "{643E77D8-6451-4B6A-9BF4-4B6E62A7F501}"
EndProject
Project("{9A19103F-16F7-4668-BE54-9A1E7A4F7556}") = "Test", "TestProject\Test.csproj", "{865FC7A5-7DF0-4C18-8381-A6EC87AEC9DE}"
EndProject
Project("{9A19103F-16F7-4668-BE54-9A1E7A4F7556}") = "AI_HUB", "AI_HUB\AI_HUB.csproj", "{1FBD86D4-5A76-4563-873F-E4C4980CCBBF}"
EndProject
Global
	GlobalSection(SolutionConfigurationPlatforms) = preSolution
		Debug|Any CPU = Debug|Any CPU
		Release|Any CPU = Release|Any CPU
	EndGlobalSection
	GlobalSection(ProjectConfigurationPlatforms) = postSolution
		{643E77D8-6451-4B6A-9BF4-4B6E62A7F501}.Debug|Any CPU.ActiveCfg = Debug|Any CPU
		{643E77D8-6451-4B6A-9BF4-4B6E62A7F501}.Debug|Any CPU.Build.0 = Debug|Any CPU
		{643E77D8-6451-4B6A-9BF4-4B6E62A7F501}.Release|Any CPU.ActiveCfg = Release|Any CPU
		{643E77D8-6451-4B6A-9BF4-4B6E62A7F501}.Release|Any CPU.Build.0 = Release|Any CPU
		{865FC7A5-7DF0-4C18-8381-A6EC87AEC9DE}.Debug|Any CPU.ActiveCfg = Debug|Any CPU
		{865FC7A5-7DF0-4C18-8381-A6EC87AEC9DE}.Debug|Any CPU.Build.0 = Debug|Any CPU
		{865FC7A5-7DF0-4C18-8381-A6EC87AEC9DE}.Release|Any CPU.ActiveCfg = Release|Any CPU
		{865FC7A5-7DF0-4C18-8381-A6EC87AEC9DE}.Release|Any CPU.Build.0 = Release|Any CPU
		{1FBD86D4-5A76-4563-873F-E4C4980CCBBF}.Debug|Any CPU.ActiveCfg = Debug|Any CPU
		{1FBD86D4-5A76-4563-873F-E4C4980CCBBF}.Debug|Any CPU.Build.0 = Debug|Any CPU
		{1FBD86D4-5A76-4563-873F-E4C4980CCBBF}.Release|Any CPU.ActiveCfg = Release|Any CPU
		{1FBD86D4-5A76-4563-873F-E4C4980CCBBF}.Release|Any CPU.Build.0 = Release|Any CPU
	EndGlobalSection
	GlobalSection(SolutionProperties) = preSolution
		HideSolutionNode = FALSE
	EndGlobalSection
	GlobalSection(ExtensibilityGlobals) = postSolution
		SolutionGuid = {8DDF20C5-BEA2-493D-8C7D-4908A5DB0B03}
	EndGlobalSection
EndGlobal
